# This file is automatically @generated by Wally.
# It is not intended for manual editing.
registry = "test"

[[package]]
name = "poopnugget142/poopy"
version = "0.1.0"
dependencies = [["Signal", "sleitnick/signal@1.5.0"], ["Stew", "solarscuffle-bot/stew@2.2.0"]]

[[package]]
name = "sleitnick/signal"
version = "1.5.0"
dependencies = []

[[package]]
name = "solarscuffle-bot/stew"
version = "2.2.0"
dependencies = []
